
Microsoft Visual Studio Solution File, Format Version 12.00
# Visual Studio Version 17
VisualStudioVersion = 17.5.002.0
MinimumVisualStudioVersion = 10.0.40219.1
Project("{9A19103F-16F7-4668-BE54-9A1E7A4F7556}") = "server", "server\server.csproj", "{11951F11-DCFA-4EC3-8F60-A01A353A11B1}"
EndProject
Global
	GlobalSection(SolutionConfigurationPlatforms) = preSolution
		Debug|Any CPU = Debug|Any CPU
		Release|Any CPU = Release|Any CPU
	EndGlobalSection
	GlobalSection(ProjectConfigurationPlatforms) = postSolution
		{11951F11-DCFA-4EC3-8F60-A01A353A11B1}.Debug|Any CPU.ActiveCfg = Debug|Any CPU
		{11951F11-DCFA-4EC3-8F60-A01A353A11B1}.Debug|Any CPU.Build.0 = Debug|Any CPU
		{11951F11-DCFA-4EC3-8F60-A01A353A11B1}.Release|Any CPU.ActiveCfg = Release|Any CPU
		{11951F11-DCFA-4EC3-8F60-A01A353A11B1}.Release|Any CPU.Build.0 = Release|Any CPU
	EndGlobalSection
	GlobalSection(SolutionProperties) = preSolution
		HideSolutionNode = FALSE
	EndGlobalSection
	GlobalSection(ExtensibilityGlobals) = postSolution
		SolutionGuid = {52E5EECA-5F83-4554-B3AF-BE0E70E3000B}
	EndGlobalSection
EndGlobal
